
Microsoft Visual Studio Solution File, Format Version 12.00
# Visual Studio Version 17
VisualStudioVersion = 17.13.35818.85
MinimumVisualStudioVersion = 10.0.40219.1
Project("{FAE04EC0-301F-11D3-BF4B-00C04F79EFBC}") = "FileAutomationSuite.UI", "FileAutomationSuite.UI\FileAutomationSuite.UI.csproj", "{2CB74803-6CEA-4B5B-9368-2F4086C86D4E}"
EndProject
Project("{FAE04EC0-301F-11D3-BF4B-00C04F79EFBC}") = "FileAutomationSuite.Core", "FileAutomationSuite.Core\FileAutomationSuite.Core.csproj", "{01AC9CC9-2A90-46A6-957C-730A00D687BD}"
EndProject
Project("{FAE04EC0-301F-11D3-BF4B-00C04F79EFBC}") = "FileAutomationSuite.Infrastructure", "FileAutomationSuite.Infrastructure\FileAutomationSuite.Infrastructure.csproj", "{DED2AB62-13AD-4662-92B7-81C5167731DD}"
EndProject
Project("{FAE04EC0-301F-11D3-BF4B-00C04F79EFBC}") = "FileAutomationSuite.Common", "FileAutomationSuite.Common\FileAutomationSuite.Common.csproj", "{CD6E1FA7-62B2-43E4-B4C2-6C055FFF6B7D}"
EndProject
Project("{FAE04EC0-301F-11D3-BF4B-00C04F79EFBC}") = "FileAutomationSuite.Utility", "FileAutomationSuite.Helper\FileAutomationSuite.Utility.csproj", "{23CDD1B7-2ABC-4AC0-993B-9CC0B9754A1E}"
EndProject
Global
	GlobalSection(SolutionConfigurationPlatforms) = preSolution
		Debug|Any CPU = Debug|Any CPU
		Release|Any CPU = Release|Any CPU
	EndGlobalSection
	GlobalSection(ProjectConfigurationPlatforms) = postSolution
		{2CB74803-6CEA-4B5B-9368-2F4086C86D4E}.Debug|Any CPU.ActiveCfg = Debug|Any CPU
		{2CB74803-6CEA-4B5B-9368-2F4086C86D4E}.Debug|Any CPU.Build.0 = Debug|Any CPU
		{2CB74803-6CEA-4B5B-9368-2F4086C86D4E}.Release|Any CPU.ActiveCfg = Release|Any CPU
		{2CB74803-6CEA-4B5B-9368-2F4086C86D4E}.Release|Any CPU.Build.0 = Release|Any CPU
		{01AC9CC9-2A90-46A6-957C-730A00D687BD}.Debug|Any CPU.ActiveCfg = Debug|Any CPU
		{01AC9CC9-2A90-46A6-957C-730A00D687BD}.Debug|Any CPU.Build.0 = Debug|Any CPU
		{01AC9CC9-2A90-46A6-957C-730A00D687BD}.Release|Any CPU.ActiveCfg = Release|Any CPU
		{01AC9CC9-2A90-46A6-957C-730A00D687BD}.Release|Any CPU.Build.0 = Release|Any CPU
		{DED2AB62-13AD-4662-92B7-81C5167731DD}.Debug|Any CPU.ActiveCfg = Debug|Any CPU
		{DED2AB62-13AD-4662-92B7-81C5167731DD}.Debug|Any CPU.Build.0 = Debug|Any CPU
		{DED2AB62-13AD-4662-92B7-81C5167731DD}.Release|Any CPU.ActiveCfg = Release|Any CPU
		{DED2AB62-13AD-4662-92B7-81C5167731DD}.Release|Any CPU.Build.0 = Release|Any CPU
		{CD6E1FA7-62B2-43E4-B4C2-6C055FFF6B7D}.Debug|Any CPU.ActiveCfg = Debug|Any CPU
		{CD6E1FA7-62B2-43E4-B4C2-6C055FFF6B7D}.Debug|Any CPU.Build.0 = Debug|Any CPU
		{CD6E1FA7-62B2-43E4-B4C2-6C055FFF6B7D}.Release|Any CPU.ActiveCfg = Release|Any CPU
		{CD6E1FA7-62B2-43E4-B4C2-6C055FFF6B7D}.Release|Any CPU.Build.0 = Release|Any CPU
		{23CDD1B7-2ABC-4AC0-993B-9CC0B9754A1E}.Debug|Any CPU.ActiveCfg = Debug|Any CPU
		{23CDD1B7-2ABC-4AC0-993B-9CC0B9754A1E}.Debug|Any CPU.Build.0 = Debug|Any CPU
		{23CDD1B7-2ABC-4AC0-993B-9CC0B9754A1E}.Release|Any CPU.ActiveCfg = Release|Any CPU
		{23CDD1B7-2ABC-4AC0-993B-9CC0B9754A1E}.Release|Any CPU.Build.0 = Release|Any CPU
	EndGlobalSection
	GlobalSection(SolutionProperties) = preSolution
		HideSolutionNode = FALSE
	EndGlobalSection
	GlobalSection(ExtensibilityGlobals) = postSolution
		SolutionGuid = {EFA7B8A6-82FE-4169-9BE4-1DA3E07D6639}
	EndGlobalSection
EndGlobal
